# THIS IS AN AUTOGENERATED FILE. DO NOT EDIT THIS FILE DIRECTLY.
# yarn lockfile v1


svelte-loading-spinners@^0.3.6:
  version "0.3.6"
  resolved "https://registry.yarnpkg.com/svelte-loading-spinners/-/svelte-loading-spinners-0.3.6.tgz#75c301b6322dc61cdcce8a0600c03dea9c1c3890"
  integrity sha512-mthHQ2TwiwzTWzbFry3CBnVEfzqPOD9WkVw84OfSYzHRq6N9wgQ+yv37u81uPeuLU/ZOIPqhujpXquB1aol5ZQ==
